// !$*UTF8*$!
{
	archiveVersion = 1;
	classes = {
	};
	objectVersion = 50;
	objects = {

/* Begin PBXBuildFile section */
		93DC97D224C22AA100D0A2B1 /* AppDelegate.swift in Sources */ = {isa = PBXBuildFile; fileRef = 93DC97D124C22AA100D0A2B1 /* AppDelegate.swift */; };
		93DC97D424C22AA100D0A2B1 /* SceneDelegate.swift in Sources */ = {isa = PBXBuildFile; fileRef = 93DC97D324C22AA100D0A2B1 /* SceneDelegate.swift */; };
		93DC97D624C22AA100D0A2B1 /* ViewController.swift in Sources */ = {isa = PBXBuildFile; fileRef = 93DC97D524C22AA100D0A2B1 /* ViewController.swift */; };
		93DC97D924C22AA100D0A2B1 /* Main.storyboard in Resources */ = {isa = PBXBuildFile; fileRef = 93DC97D724C22AA100D0A2B1 /* Main.storyboard */; };
		93DC97DB24C22AA300D0A2B1 /* Assets.xcassets in Resources */ = {isa = PBXBuildFile; fileRef = 93DC97DA24C22AA300D0A2B1 /* Assets.xcassets */; };
		93DC97DE24C22AA300D0A2B1 /* LaunchScreen.storyboard in Resources */ = {isa = PBXBuildFile; fileRef = 93DC97DC24C22AA300D0A2B1 /* LaunchScreen.storyboard */; };
		93DC97E624C2321100D0A2B1 /* WildCardGestureRecognizer.swift in Sources */ = {isa = PBXBuildFile; fileRef = 93DC97E524C2321100D0A2B1 /* WildCardGestureRecognizer.swift */; };
		93DC97E824C24A4200D0A2B1 /* DetailViewController.swift in Sources */ = {isa = PBXBuildFile; fileRef = 93DC97E724C24A4200D0A2B1 /* DetailViewController.swift */; };
		93DC97EC24C24EB000D0A2B1 /* WeatherModel.swift in Sources */ = {isa = PBXBuildFile; fileRef = 93DC97EB24C24EB000D0A2B1 /* WeatherModel.swift */; };
		93DC97F024C252A000D0A2B1 /* NetworkCommunicator.swift in Sources */ = {isa = PBXBuildFile; fileRef = 93DC97EF24C252A000D0A2B1 /* NetworkCommunicator.swift */; };
		D981A0108FEE867E6BB78BF5 /* Pods_WeatherDemo.framework in Frameworks */ = {isa = PBXBuildFile; fileRef = 4955B639FB7F1DEF9FB6BBB6 /* Pods_WeatherDemo.framework */; };
/* End PBXBuildFile section */

/* Begin PBXFileReference section */
		08868880BCDDD14BA12D77B7 /* Pods-WeatherDemo.debug.xcconfig */ = {isa = PBXFileReference; includeInIndex = 1; lastKnownFileType = text.xcconfig; name = "Pods-WeatherDemo.debug.xcconfig"; path = "Target Support Files/Pods-WeatherDemo/Pods-WeatherDemo.debug.xcconfig"; sourceTree = "<group>"; };
		45329DDB0FA7947B5EE076CA /* Pods-WeatherDemo.release.xcconfig */ = {isa = PBXFileReference; includeInIndex = 1; lastKnownFileType = text.xcconfig; name = "Pods-WeatherDemo.release.xcconfig"; path = "Target Support Files/Pods-WeatherDemo/Pods-WeatherDemo.release.xcconfig"; sourceTree = "<group>"; };
		4955B639FB7F1DEF9FB6BBB6 /* Pods_WeatherDemo.framework */ = {isa = PBXFileReference; explicitFileType = wrapper.framework; includeInIndex = 0; path = Pods_WeatherDemo.framework; sourceTree = BUILT_PRODUCTS_DIR; };
		93DC97CE24C22AA100D0A2B1 /* WeatherDemo.app */ = {isa = PBXFileReference; explicitFileType = wrapper.application; includeInIndex = 0; path = WeatherDemo.app; sourceTree = BUILT_PRODUCTS_DIR; };
		93DC97D124C22AA100D0A2B1 /* AppDelegate.swift */ = {isa = PBXFileReference; lastKnownFileType = sourcecode.swift; path = AppDelegate.swift; sourceTree = "<group>"; };
		93DC97D324C22AA100D0A2B1 /* SceneDelegate.swift */ = {isa = PBXFileReference; lastKnownFileType = sourcecode.swift; path = SceneDelegate.swift; sourceTree = "<group>"; };
		93DC97D524C22AA100D0A2B1 /* ViewController.swift */ = {isa = PBXFileReference; lastKnownFileType = sourcecode.swift; path = ViewController.swift; sourceTree = "<group>"; };
		93DC97D824C22AA100D0A2B1 /* Base */ = {isa = PBXFileReference; lastKnownFileType = file.storyboard; name = Base; path = Base.lproj/Main.storyboard; sourceTree = "<group>"; };
		93DC97DA24C22AA300D0A2B1 /* Assets.xcassets */ = {isa = PBXFileReference; lastKnownFileType = folder.assetcatalog; path = Assets.xcassets; sourceTree = "<group>"; };
		93DC97DD24C22AA300D0A2B1 /* Base */ = {isa = PBXFileReference; lastKnownFileType = file.storyboard; name = Base; path = Base.lproj/LaunchScreen.storyboard; sourceTree = "<group>"; };
		93DC97DF24C22AA300D0A2B1 /* Info.plist */ = {isa = PBXFileReference; lastKnownFileType = text.plist.xml; path = Info.plist; sourceTree = "<group>"; };
		93DC97E524C2321100D0A2B1 /* WildCardGestureRecognizer.swift */ = {isa = PBXFileReference; lastKnownFileType = sourcecode.swift; path = WildCardGestureRecognizer.swift; sourceTree = "<group>"; };
		93DC97E724C24A4200D0A2B1 /* DetailViewController.swift */ = {isa = PBXFileReference; lastKnownFileType = sourcecode.swift; path = DetailViewController.swift; sourceTree = "<group>"; };
		93DC97EB24C24EB000D0A2B1 /* WeatherModel.swift */ = {isa = PBXFileReference; lastKnownFileType = sourcecode.swift; path = WeatherModel.swift; sourceTree = "<group>"; };
		93DC97EF24C252A000D0A2B1 /* NetworkCommunicator.swift */ = {isa = PBXFileReference; lastKnownFileType = sourcecode.swift; path = NetworkCommunicator.swift; sourceTree = "<group>"; };
/* End PBXFileReference section */

/* Begin PBXFrameworksBuildPhase section */
		93DC97CB24C22AA100D0A2B1 /* Frameworks */ = {
			isa = PBXFrameworksBuildPhase;
			buildActionMask = 2147483647;
			files = (
				D981A0108FEE867E6BB78BF5 /* Pods_WeatherDemo.framework in Frameworks */,
			);
			runOnlyForDeploymentPostprocessing = 0;
		};
/* End PBXFrameworksBuildPhase section */

/* Begin PBXGroup section */
		6E77468BCFFE3C65C2DF4F7E /* Pods */ = {
			isa = PBXGroup;
			children = (
				08868880BCDDD14BA12D77B7 /* Pods-WeatherDemo.debug.xcconfig */,
				45329DDB0FA7947B5EE076CA /* Pods-WeatherDemo.release.xcconfig */,
			);
			name = Pods;
			path = Pods;
			sourceTree = "<group>";
		};
		8897619F0A581869CC16F70F /* Frameworks */ = {
			isa = PBXGroup;
			children = (
				4955B639FB7F1DEF9FB6BBB6 /* Pods_WeatherDemo.framework */,
			);
			name = Frameworks;
			sourceTree = "<group>";
		};
		93DC97C524C22AA100D0A2B1 = {
			isa = PBXGroup;
			children = (
				93DC97D024C22AA100D0A2B1 /* WeatherDemo */,
				93DC97CF24C22AA100D0A2B1 /* Products */,
				6E77468BCFFE3C65C2DF4F7E /* Pods */,
				8897619F0A581869CC16F70F /* Frameworks */,
			);
			sourceTree = "<group>";
		};
		93DC97CF24C22AA100D0A2B1 /* Products */ = {
			isa = PBXGroup;
			children = (
				93DC97CE24C22AA100D0A2B1 /* WeatherDemo.app */,
			);
			name = Products;
			sourceTree = "<group>";
		};
		93DC97D024C22AA100D0A2B1 /* WeatherDemo */ = {
			isa = PBXGroup;
			children = (
				93DC97D124C22AA100D0A2B1 /* AppDelegate.swift */,
				93DC97D324C22AA100D0A2B1 /* SceneDelegate.swift */,
				93DC97D524C22AA100D0A2B1 /* ViewController.swift */,
				93DC97E724C24A4200D0A2B1 /* DetailViewController.swift */,
				93DC97E524C2321100D0A2B1 /* WildCardGestureRecognizer.swift */,
				93DC97EB24C24EB000D0A2B1 /* WeatherModel.swift */,
				93DC97EF24C252A000D0A2B1 /* NetworkCommunicator.swift */,
				93DC97D724C22AA100D0A2B1 /* Main.storyboard */,
				93DC97DA24C22AA300D0A2B1 /* Assets.xcassets */,
				93DC97DC24C22AA300D0A2B1 /* LaunchScreen.storyboard */,
				93DC97DF24C22AA300D0A2B1 /* Info.plist */,
			);
			path = WeatherDemo;
			sourceTree = "<group>";
		};
/* End PBXGroup section */

/* Begin PBXNativeTarget section */
		93DC97CD24C22AA100D0A2B1 /* WeatherDemo */ = {
			isa = PBXNativeTarget;
			buildConfigurationList = 93DC97E224C22AA300D0A2B1 /* Build configuration list for PBXNativeTarget "WeatherDemo" */;
			buildPhases = (
				4A7AED8624A5AE20FE002748 /* [CP] Check Pods Manifest.lock */,
				93DC97CA24C22AA100D0A2B1 /* Sources */,
				93DC97CB24C22AA100D0A2B1 /* Frameworks */,
				93DC97CC24C22AA100D0A2B1 /* Resources */,
				9F7FE88EEC6090109F224284 /* [CP] Embed Pods Frameworks */,
			);
			buildRules = (
			);
			dependencies = (
			);
			name = WeatherDemo;
			productName = WeatherDemo;
			productReference = 93DC97CE24C22AA100D0A2B1 /* WeatherDemo.app */;
			productType = "com.apple.product-type.application";
		};
/* End PBXNativeTarget section */

/* Begin PBXProject section */
		93DC97C624C22AA100D0A2B1 /* Project object */ = {
			isa = PBXProject;
			attributes = {
				LastSwiftUpdateCheck = 1160;
				LastUpgradeCheck = 1160;
				ORGANIZATIONNAME = "Davi Chaves";
				TargetAttributes = {
					93DC97CD24C22AA100D0A2B1 = {
						CreatedOnToolsVersion = 11.6;
					};
				};
			};
			buildConfigurationList = 93DC97C924C22AA100D0A2B1 /* Build configuration list for PBXProject "WeatherDemo" */;
			compatibilityVersion = "Xcode 9.3";
			developmentRegion = en;
			hasScannedForEncodings = 0;
			knownRegions = (
				en,
				Base,
			);
			mainGroup = 93DC97C524C22AA100D0A2B1;
			productRefGroup = 93DC97CF24C22AA100D0A2B1 /* Products */;
			projectDirPath = "";
			projectRoot = "";
			targets = (
				93DC97CD24C22AA100D0A2B1 /* WeatherDemo */,
			);
		};
/* End PBXProject section */

/* Begin PBXResourcesBuildPhase section */
		93DC97CC24C22AA100D0A2B1 /* Resources */ = {
			isa = PBXResourcesBuildPhase;
			buildActionMask = 2147483647;
			files = (
				93DC97DE24C22AA300D0A2B1 /* LaunchScreen.storyboard in Resources */,
				93DC97DB24C22AA300D0A2B1 /* Assets.xcassets in Resources */,
				93DC97D924C22AA100D0A2B1 /* Main.storyboard in Resources */,
			);
			runOnlyForDeploymentPostprocessing = 0;
		};
/* End PBXResourcesBuildPhase section */

/* Begin PBXShellScriptBuildPhase section */
		4A7AED8624A5AE20FE002748 /* [CP] Check Pods Manifest.lock */ = {
			isa = PBXShellScriptBuildPhase;
			buildActionMask = 2147483647;
			files = (
			);
			inputFileListPaths = (
			);
			inputPaths = (
				"${PODS_PODFILE_DIR_PATH}/Podfile.lock",
				"${PODS_ROOT}/Manifest.lock",
			);
			name = "[CP] Check Pods Manifest.lock";
			outputFileListPaths = (
			);
			outputPaths = (
				"$(DERIVED_FILE_DIR)/Pods-WeatherDemo-checkManifestLockResult.txt",
			);
			runOnlyForDeploymentPostprocessing = 0;
			shellPath = /bin/sh;
			shellScript = "diff \"${PODS_PODFILE_DIR_PATH}/Podfile.lock\" \"${PODS_ROOT}/Manifest.lock\" > /dev/null\nif [ $? != 0 ] ; then\n    # print error to STDERR\n    echo \"error: The sandbox is not in sync with the Podfile.lock. Run 'pod install' or update your CocoaPods installation.\" >&2\n    exit 1\nfi\n# This output is used by Xcode 'outputs' to avoid re-running this script phase.\necho \"SUCCESS\" > \"${SCRIPT_OUTPUT_FILE_0}\"\n";
			showEnvVarsInLog = 0;
		};
		9F7FE88EEC6090109F224284 /* [CP] Embed Pods Frameworks */ = {
			isa = PBXShellScriptBuildPhase;
			buildActionMask = 2147483647;
			files = (
			);
			inputFileListPaths = (
				"${PODS_ROOT}/Target Support Files/Pods-WeatherDemo/Pods-WeatherDemo-frameworks-${CONFIGURATION}-input-files.xcfilelist",
			);
			name = "[CP] Embed Pods Frameworks";
			outputFileListPaths = (
				"${PODS_ROOT}/Target Support Files/Pods-WeatherDemo/Pods-WeatherDemo-frameworks-${CONFIGURATION}-output-files.xcfilelist",
			);
			runOnlyForDeploymentPostprocessing = 0;
			shellPath = /bin/sh;
			shellScript = "\"${PODS_ROOT}/Target Support Files/Pods-WeatherDemo/Pods-WeatherDemo-frameworks.sh\"\n";
			showEnvVarsInLog = 0;
		};
/* End PBXShellScriptBuildPhase section */

/* Begin PBXSourcesBuildPhase section */
		93DC97CA24C22AA100D0A2B1 /* Sources */ = {
			isa = PBXSourcesBuildPhase;
			buildActionMask = 2147483647;
			files = (
				93DC97D624C22AA100D0A2B1 /* ViewController.swift in Sources */,
				93DC97D224C22AA100D0A2B1 /* AppDelegate.swift in Sources */,
				93DC97E824C24A4200D0A2B1 /* DetailViewController.swift in Sources */,
				93DC97D424C22AA100D0A2B1 /* SceneDelegate.swift in Sources */,
				93DC97EC24C24EB000D0A2B1 /* WeatherModel.swift in Sources */,
				93DC97E624C2321100D0A2B1 /* WildCardGestureRecognizer.swift in Sources */,
				93DC97F024C252A000D0A2B1 /* NetworkCommunicator.swift in Sources */,
			);
			runOnlyForDeploymentPostprocessing = 0;
		};
/* End PBXSourcesBuildPhase section */

/* Begin PBXVariantGroup section */
		93DC97D724C22AA100D0A2B1 /* Main.storyboard */ = {
			isa = PBXVariantGroup;
			children = (
				93DC97D824C22AA100D0A2B1 /* Base */,
			);
			name = Main.storyboard;
			sourceTree = "<group>";
		};
		93DC97DC24C22AA300D0A2B1 /* LaunchScreen.storyboard */ = {
			isa = PBXVariantGroup;
			children = (
				93DC97DD24C22AA300D0A2B1 /* Base */,
			);
			name = LaunchScreen.storyboard;
			sourceTree = "<group>";
		};
/* End PBXVariantGroup section */

/* Begin XCBuildConfiguration section */
		93DC97E024C22AA300D0A2B1 /* Debug */ = {
			isa = XCBuildConfiguration;
			buildSettings = {
				ALWAYS_SEARCH_USER_PATHS = NO;
				CLANG_ANALYZER_NONNULL = YES;
				CLANG_ANALYZER_NUMBER_OBJECT_CONVERSION = YES_AGGRESSIVE;
				CLANG_CXX_LANGUAGE_STANDARD = "gnu++14";
				CLANG_CXX_LIBRARY = "libc++";
				CLANG_ENABLE_MODULES = YES;
				CLANG_ENABLE_OBJC_ARC = YES;
				CLANG_ENABLE_OBJC_WEAK = YES;
				CLANG_WARN_BLOCK_CAPTURE_AUTORELEASING = YES;
				CLANG_WARN_BOOL_CONVERSION = YES;
				CLANG_WARN_COMMA = YES;
				CLANG_WARN_CONSTANT_CONVERSION = YES;
				CLANG_WARN_DEPRECATED_OBJC_IMPLEMENTATIONS = YES;
				CLANG_WARN_DIRECT_OBJC_ISA_USAGE = YES_ERROR;
				CLANG_WARN_DOCUMENTATION_COMMENTS = YES;
				CLANG_WARN_EMPTY_BODY = YES;
				CLANG_WARN_ENUM_CONVERSION = YES;
				CLANG_WARN_INFINITE_RECURSION = YES;
				CLANG_WARN_INT_CONVERSION = YES;
				CLANG_WARN_NON_LITERAL_NULL_CONVERSION = YES;
				CLANG_WARN_OBJC_IMPLICIT_RETAIN_SELF = YES;
				CLANG_WARN_OBJC_LITERAL_CONVERSION = YES;
				CLANG_WARN_OBJC_ROOT_CLASS = YES_ERROR;
				CLANG_WARN_RANGE_LOOP_ANALYSIS = YES;
				CLANG_WARN_STRICT_PROTOTYPES = YES;
				CLANG_WARN_SUSPICIOUS_MOVE = YES;
				CLANG_WARN_UNGUARDED_AVAILABILITY = YES_AGGRESSIVE;
				CLANG_WARN_UNREACHABLE_CODE = YES;
				CLANG_WARN__DUPLICATE_METHOD_MATCH = YES;
				COPY_PHASE_STRIP = NO;
				DEBUG_INFORMATION_FORMAT = dwarf;
				ENABLE_STRICT_OBJC_MSGSEND = YES;
				ENABLE_TESTABILITY = YES;
				GCC_C_LANGUAGE_STANDARD = gnu11;
				GCC_DYNAMIC_NO_PIC = NO;
				GCC_NO_COMMON_BLOCKS = YES;
				GCC_OPTIMIZATION_LEVEL = 0;
				GCC_PREPROCESSOR_DEFINITIONS = (
					"DEBUG=1",
					"$(inherited)",
				);
				GCC_WARN_64_TO_32_BIT_CONVERSION = YES;
				GCC_WARN_ABOUT_RETURN_TYPE = YES_ERROR;
				GCC_WARN_UNDECLARED_SELECTOR = YES;
				GCC_WARN_UNINITIALIZED_AUTOS = YES_AGGRESSIVE;
				GCC_WARN_UNUSED_FUNCTION = YES;
				GCC_WARN_UNUSED_VARIABLE = YES;
				IPHONEOS_DEPLOYMENT_TARGET = 13.6;
				MTL_ENABLE_DEBUG_INFO = INCLUDE_SOURCE;
				MTL_FAST_MATH = YES;
				ONLY_ACTIVE_ARCH = YES;
				SDKROOT = iphoneos;
				SWIFT_ACTIVE_COMPILATION_CONDITIONS = DEBUG;
				SWIFT_OPTIMIZATION_LEVEL = "-Onone";
			};
			name = Debug;
		};
		93DC97E124C22AA300D0A2B1 /* Release */ = {
			isa = XCBuildConfiguration;
			buildSettings = {
				ALWAYS_SEARCH_USER_PATHS = NO;
				CLANG_ANALYZER_NONNULL = YES;
				CLANG_ANALYZER_NUMBER_OBJECT_CONVERSION = YES_AGGRESSIVE;
				CLANG_CXX_LANGUAGE_STANDARD = "gnu++14";
				CLANG_CXX_LIBRARY = "libc++";
				CLANG_ENABLE_MODULES = YES;
				CLANG_ENABLE_OBJC_ARC = YES;
				CLANG_ENABLE_OBJC_WEAK = YES;
				CLANG_WARN_BLOCK_CAPTURE_AUTORELEASING = YES;
				CLANG_WARN_BOOL_CONVERSION = YES;
				CLANG_WARN_COMMA = YES;
				CLANG_WARN_CONSTANT_CONVERSION = YES;
				CLANG_WARN_DEPRECATED_OBJC_IMPLEMENTATIONS = YES;
				CLANG_WARN_DIRECT_OBJC_ISA_USAGE = YES_ERROR;
				CLANG_WARN_DOCUMENTATION_COMMENTS = YES;
				CLANG_WARN_EMPTY_BODY = YES;
				CLANG_WARN_ENUM_CONVERSION = YES;
				CLANG_WARN_INFINITE_RECURSION = YES;
				CLANG_WARN_INT_CONVERSION = YES;
				CLANG_WARN_NON_LITERAL_NULL_CONVERSION = YES;
				CLANG_WARN_OBJC_IMPLICIT_RETAIN_SELF = YES;
				CLANG_WARN_OBJC_LITERAL_CONVERSION = YES;
				CLANG_WARN_OBJC_ROOT_CLASS = YES_ERROR;
				CLANG_WARN_RANGE_LOOP_ANALYSIS = YES;
				CLANG_WARN_STRICT_PROTOTYPES = YES;
				CLANG_WARN_SUSPICIOUS_MOVE = YES;
				CLANG_WARN_UNGUARDED_AVAILABILITY = YES_AGGRESSIVE;
				CLANG_WARN_UNREACHABLE_CODE = YES;
				CLANG_WARN__DUPLICATE_METHOD_MATCH = YES;
				COPY_PHASE_STRIP = NO;
				DEBUG_INFORMATION_FORMAT = "dwarf-with-dsym";
				ENABLE_NS_ASSERTIONS = NO;
				ENABLE_STRICT_OBJC_MSGSEND = YES;
				GCC_C_LANGUAGE_STANDARD = gnu11;
				GCC_NO_COMMON_BLOCKS = YES;
				GCC_WARN_64_TO_32_BIT_CONVERSION = YES;
				GCC_WARN_ABOUT_RETURN_TYPE = YES_ERROR;
				GCC_WARN_UNDECLARED_SELECTOR = YES;
				GCC_WARN_UNINITIALIZED_AUTOS = YES_AGGRESSIVE;
				GCC_WARN_UNUSED_FUNCTION = YES;
				GCC_WARN_UNUSED_VARIABLE = YES;
				IPHONEOS_DEPLOYMENT_TARGET = 13.6;
				MTL_ENABLE_DEBUG_INFO = NO;
				MTL_FAST_MATH = YES;
				SDKROOT = iphoneos;
				SWIFT_COMPILATION_MODE = wholemodule;
				SWIFT_OPTIMIZATION_LEVEL = "-O";
				VALIDATE_PRODUCT = YES;
			};
			name = Release;
		};
		93DC97E324C22AA300D0A2B1 /* Debug */ = {
			isa = XCBuildConfiguration;
			baseConfigurationReference = 08868880BCDDD14BA12D77B7 /* Pods-WeatherDemo.debug.xcconfig */;
			buildSettings = {
				ASSETCATALOG_COMPILER_APPICON_NAME = AppIcon;
				CODE_SIGN_STYLE = Automatic;
				DEVELOPMENT_TEAM = XK2N6ZPPDL;
				INFOPLIST_FILE = WeatherDemo/Info.plist;
				IPHONEOS_DEPLOYMENT_TARGET = 13.0;
				LD_RUNPATH_SEARCH_PATHS = (
					"$(inherited)",
					"@executable_path/Frameworks",
				);
				PRODUCT_BUNDLE_IDENTIFIER = davichaves.WeatherDemo;
				PRODUCT_NAME = "$(TARGET_NAME)";
				SWIFT_VERSION = 5.0;
				TARGETED_DEVICE_FAMILY = "1,2";
			};
			name = Debug;
		};
		93DC97E424C22AA300D0A2B1 /* Release */ = {
			isa = XCBuildConfiguration;
			baseConfigurationReference = 45329DDB0FA7947B5EE076CA /* Pods-WeatherDemo.release.xcconfig */;
			buildSettings = {
				ASSETCATALOG_COMPILER_APPICON_NAME = AppIcon;
				CODE_SIGN_STYLE = Automatic;
				DEVELOPMENT_TEAM = XK2N6ZPPDL;
				INFOPLIST_FILE = WeatherDemo/Info.plist;
				IPHONEOS_DEPLOYMENT_TARGET = 13.0;
				LD_RUNPATH_SEARCH_PATHS = (
					"$(inherited)",
					"@executable_path/Frameworks",
				);
				PRODUCT_BUNDLE_IDENTIFIER = davichaves.WeatherDemo;
				PRODUCT_NAME = "$(TARGET_NAME)";
				SWIFT_VERSION = 5.0;
				TARGETED_DEVICE_FAMILY = "1,2";
			};
			name = Release;
		};
/* End XCBuildConfiguration section */

/* Begin XCConfigurationList section */
		93DC97C924C22AA100D0A2B1 /* Build configuration list for PBXProject "WeatherDemo" */ = {
			isa = XCConfigurationList;
			buildConfigurations = (
				93DC97E024C22AA300D0A2B1 /* Debug */,
				93DC97E124C22AA300D0A2B1 /* Release */,
			);
			defaultConfigurationIsVisible = 0;
			defaultConfigurationName = Release;
		};
		93DC97E224C22AA300D0A2B1 /* Build configuration list for PBXNativeTarget "WeatherDemo" */ = {
			isa = XCConfigurationList;
			buildConfigurations = (
				93DC97E324C22AA300D0A2B1 /* Debug */,
				93DC97E424C22AA300D0A2B1 /* Release */,
			);
			defaultConfigurationIsVisible = 0;
			defaultConfigurationName = Release;
		};
/* End XCConfigurationList section */
	};
	rootObject = 93DC97C624C22AA100D0A2B1 /* Project object */;
}
